
Microsoft Visual Studio Solution File, Format Version 12.00
# Visual Studio 15
VisualStudioVersion = 15.0.28307.757
MinimumVisualStudioVersion = 10.0.40219.1
Project("{9A19103F-16F7-4668-BE54-9A1E7A4F7556}") = "HW3Problem5", "ConsoleApp1\HW3Problem5.csproj", "{9CB5722D-EA25-4E07-994B-EB1D774F752A}"
EndProject
Project("{FAE04EC0-301F-11D3-BF4B-00C04F79EFBC}") = "UnitTest", "UnitTest\UnitTest.csproj", "{785700B4-516E-430F-9D93-7E6D66C6A73B}"
EndProject
Global
	GlobalSection(SolutionConfigurationPlatforms) = preSolution
		Debug|Any CPU = Debug|Any CPU
		Release|Any CPU = Release|Any CPU
	EndGlobalSection
	GlobalSection(ProjectConfigurationPlatforms) = postSolution
		{9CB5722D-EA25-4E07-994B-EB1D774F752A}.Debug|Any CPU.ActiveCfg = Debug|Any CPU
		{9CB5722D-EA25-4E07-994B-EB1D774F752A}.Debug|Any CPU.Build.0 = Debug|Any CPU
		{9CB5722D-EA25-4E07-994B-EB1D774F752A}.Release|Any CPU.ActiveCfg = Release|Any CPU
		{9CB5722D-EA25-4E07-994B-EB1D774F752A}.Release|Any CPU.Build.0 = Release|Any CPU
		{785700B4-516E-430F-9D93-7E6D66C6A73B}.Debug|Any CPU.ActiveCfg = Debug|Any CPU
		{785700B4-516E-430F-9D93-7E6D66C6A73B}.Debug|Any CPU.Build.0 = Debug|Any CPU
		{785700B4-516E-430F-9D93-7E6D66C6A73B}.Release|Any CPU.ActiveCfg = Release|Any CPU
		{785700B4-516E-430F-9D93-7E6D66C6A73B}.Release|Any CPU.Build.0 = Release|Any CPU
	EndGlobalSection
	GlobalSection(SolutionProperties) = preSolution
		HideSolutionNode = FALSE
	EndGlobalSection
	GlobalSection(ExtensibilityGlobals) = postSolution
		SolutionGuid = {280733E7-DEEB-478E-9865-6601C901C8FC}
	EndGlobalSection
EndGlobal
